
Microsoft Visual Studio Solution File, Format Version 12.00
# Visual Studio 15
VisualStudioVersion = 15.0.27703.2042
MinimumVisualStudioVersion = 10.0.40219.1
Project("{FAE04EC0-301F-11D3-BF4B-00C04F79EFBC}") = "Workflow.Api", "Workflow.Api\Workflow.Api.csproj", "{0D5DF1F6-706A-4E88-91A3-93483ED1EA5A}"
EndProject
Global
	GlobalSection(SolutionConfigurationPlatforms) = preSolution
		Debug|Any CPU = Debug|Any CPU
		Release|Any CPU = Release|Any CPU
	EndGlobalSection
	GlobalSection(ProjectConfigurationPlatforms) = postSolution
		{0D5DF1F6-706A-4E88-91A3-93483ED1EA5A}.Debug|Any CPU.ActiveCfg = Debug|Any CPU
		{0D5DF1F6-706A-4E88-91A3-93483ED1EA5A}.Debug|Any CPU.Build.0 = Debug|Any CPU
		{0D5DF1F6-706A-4E88-91A3-93483ED1EA5A}.Release|Any CPU.ActiveCfg = Release|Any CPU
		{0D5DF1F6-706A-4E88-91A3-93483ED1EA5A}.Release|Any CPU.Build.0 = Release|Any CPU
	EndGlobalSection
	GlobalSection(SolutionProperties) = preSolution
		HideSolutionNode = FALSE
	EndGlobalSection
	GlobalSection(ExtensibilityGlobals) = postSolution
		SolutionGuid = {9B6B7CA3-042A-44C2-A449-EF67A5684B13}
	EndGlobalSection
EndGlobal
